
Microsoft Visual Studio Solution File, Format Version 12.00
# Visual Studio Version 17
VisualStudioVersion = 17.1.32210.238
MinimumVisualStudioVersion = 10.0.40219.1
Project("{FAE04EC0-301F-11D3-BF4B-00C04F79EFBC}") = "HelloWorld", "HelloWorld\HelloWorld.csproj", "{F5FE1607-8B9A-4926-8A95-1A3CE222532D}"
EndProject
Global
	GlobalSection(SolutionConfigurationPlatforms) = preSolution
		Debug|Any CPU = Debug|Any CPU
		Release|Any CPU = Release|Any CPU
	EndGlobalSection
	GlobalSection(ProjectConfigurationPlatforms) = postSolution
		{F5FE1607-8B9A-4926-8A95-1A3CE222532D}.Debug|Any CPU.ActiveCfg = Debug|Any CPU
		{F5FE1607-8B9A-4926-8A95-1A3CE222532D}.Debug|Any CPU.Build.0 = Debug|Any CPU
		{F5FE1607-8B9A-4926-8A95-1A3CE222532D}.Release|Any CPU.ActiveCfg = Release|Any CPU
		{F5FE1607-8B9A-4926-8A95-1A3CE222532D}.Release|Any CPU.Build.0 = Release|Any CPU
	EndGlobalSection
	GlobalSection(SolutionProperties) = preSolution
		HideSolutionNode = FALSE
	EndGlobalSection
	GlobalSection(ExtensibilityGlobals) = postSolution
		SolutionGuid = {8707FF45-1724-4768-A41F-25397B8FA9EB}
	EndGlobalSection
EndGlobal
